
Microsoft Visual Studio Solution File, Format Version 12.00
# Visual Studio 15
Project("{FAE04EC0-301F-11D3-BF4B-00C04F79EFBC}") = "StoreApp.ConsoleApp", "StoreApp.ConsoleApp\StoreApp.ConsoleApp.csproj", "{1DA68CE5-A26C-4C95-B856-60CC827B48F7}"
EndProject
Project("{FAE04EC0-301F-11D3-BF4B-00C04F79EFBC}") = "StoreApp.Tests", "StoreApp.Tests\StoreApp.Tests.csproj", "{8A2D5B79-EB22-4E07-A05E-FD2508CF94B3}"
EndProject
Global
	GlobalSection(SolutionConfigurationPlatforms) = preSolution
		Debug|Any CPU = Debug|Any CPU
		Release|Any CPU = Release|Any CPU
	EndGlobalSection
	GlobalSection(ProjectConfigurationPlatforms) = postSolution
		{1DA68CE5-A26C-4C95-B856-60CC827B48F7}.Debug|Any CPU.ActiveCfg = Debug|Any CPU
		{1DA68CE5-A26C-4C95-B856-60CC827B48F7}.Debug|Any CPU.Build.0 = Debug|Any CPU
		{1DA68CE5-A26C-4C95-B856-60CC827B48F7}.Release|Any CPU.ActiveCfg = Release|Any CPU
		{1DA68CE5-A26C-4C95-B856-60CC827B48F7}.Release|Any CPU.Build.0 = Release|Any CPU
		{8A2D5B79-EB22-4E07-A05E-FD2508CF94B3}.Debug|Any CPU.ActiveCfg = Debug|Any CPU
		{8A2D5B79-EB22-4E07-A05E-FD2508CF94B3}.Debug|Any CPU.Build.0 = Debug|Any CPU
		{8A2D5B79-EB22-4E07-A05E-FD2508CF94B3}.Release|Any CPU.ActiveCfg = Release|Any CPU
		{8A2D5B79-EB22-4E07-A05E-FD2508CF94B3}.Release|Any CPU.Build.0 = Release|Any CPU
	EndGlobalSection
EndGlobal
